// !$*UTF8*$!
{
	archiveVersion = 1;
	classes = {
	};
	objectVersion = 46;
	objects = {

/* Begin PBXBuildFile section */
		25058265186BA89F00C28EC4 /* CreateViewController.m in Sources */ = {isa = PBXBuildFile; fileRef = 25058264186BA89F00C28EC4 /* CreateViewController.m */; };
		25058268186CBC0100C28EC4 /* NavigationSearchBar.m in Sources */ = {isa = PBXBuildFile; fileRef = 25058267186CBC0100C28EC4 /* NavigationSearchBar.m */; };
		25058373187087ED00C28EC4 /* MapKit.framework in Frameworks */ = {isa = PBXBuildFile; fileRef = 25C332B4186394FE00DA8271 /* MapKit.framework */; };
		250CD3231868F01E00C66E99 /* MapViewController.m in Sources */ = {isa = PBXBuildFile; fileRef = 250CD3201868F01E00C66E99 /* MapViewController.m */; };
		250CD3241868F01E00C66E99 /* NewsViewController.m in Sources */ = {isa = PBXBuildFile; fileRef = 250CD3221868F01E00C66E99 /* NewsViewController.m */; };
		250CD3271868F22B00C66E99 /* NewsTableViewCell.m in Sources */ = {isa = PBXBuildFile; fileRef = 250CD3261868F22B00C66E99 /* NewsTableViewCell.m */; };
		2526228418941ED00097828E /* ios_draft_belloh_small.pxm in Resources */ = {isa = PBXBuildFile; fileRef = 2526228318941ED00097828E /* ios_draft_belloh_small.pxm */; };
		253D650E189361F300DC60B5 /* Belloh.m in Sources */ = {isa = PBXBuildFile; fileRef = 253D650B189361F300DC60B5 /* Belloh.m */; };
		253D650F189361F300DC60B5 /* BLPost.m in Sources */ = {isa = PBXBuildFile; fileRef = 253D650D189361F300DC60B5 /* BLPost.m */; };
		253D65131893A3DA00DC60B5 /* ios_draft_belloh_small.png in Resources */ = {isa = PBXBuildFile; fileRef = 253D65121893A3DA00DC60B5 /* ios_draft_belloh_small.png */; };
		2579F30B197476ED00AF1BF9 /* WebViewController.m in Sources */ = {isa = PBXBuildFile; fileRef = 2579F30A197476ED00AF1BF9 /* WebViewController.m */; };
		2579F30E19749B8A00AF1BF9 /* PlaceholderTextView.m in Sources */ = {isa = PBXBuildFile; fileRef = 2579F30D19749B8A00AF1BF9 /* PlaceholderTextView.m */; };
		25C33239186248B000DA8271 /* Foundation.framework in Frameworks */ = {isa = PBXBuildFile; fileRef = 25C33238186248B000DA8271 /* Foundation.framework */; };
		25C3323B186248B000DA8271 /* CoreGraphics.framework in Frameworks */ = {isa = PBXBuildFile; fileRef = 25C3323A186248B000DA8271 /* CoreGraphics.framework */; };
		25C3323D186248B000DA8271 /* UIKit.framework in Frameworks */ = {isa = PBXBuildFile; fileRef = 25C3323C186248B000DA8271 /* UIKit.framework */; };
		25C33243186248B000DA8271 /* InfoPlist.strings in Resources */ = {isa = PBXBuildFile; fileRef = 25C33241186248B000DA8271 /* InfoPlist.strings */; };
		25C33245186248B000DA8271 /* main.m in Sources */ = {isa = PBXBuildFile; fileRef = 25C33244186248B000DA8271 /* main.m */; };
		25C33249186248B000DA8271 /* AppDelegate.m in Sources */ = {isa = PBXBuildFile; fileRef = 25C33248186248B000DA8271 /* AppDelegate.m */; };
		25C3324C186248B000DA8271 /* Main.storyboard in Resources */ = {isa = PBXBuildFile; fileRef = 25C3324A186248B000DA8271 /* Main.storyboard */; };
		25C33254186248B000DA8271 /* Images.xcassets in Resources */ = {isa = PBXBuildFile; fileRef = 25C33253186248B000DA8271 /* Images.xcassets */; };
		25C3325B186248B000DA8271 /* XCTest.framework in Frameworks */ = {isa = PBXBuildFile; fileRef = 25C3325A186248B000DA8271 /* XCTest.framework */; };
		25C3325C186248B000DA8271 /* Foundation.framework in Frameworks */ = {isa = PBXBuildFile; fileRef = 25C33238186248B000DA8271 /* Foundation.framework */; };
		25C3325D186248B000DA8271 /* UIKit.framework in Frameworks */ = {isa = PBXBuildFile; fileRef = 25C3323C186248B000DA8271 /* UIKit.framework */; };
		25C33265186248B000DA8271 /* InfoPlist.strings in Resources */ = {isa = PBXBuildFile; fileRef = 25C33263186248B000DA8271 /* InfoPlist.strings */; };
		25C33267186248B000DA8271 /* BellohTests.m in Sources */ = {isa = PBXBuildFile; fileRef = 25C33266186248B000DA8271 /* BellohTests.m */; };
		25C332B71863AB6500DA8271 /* orange.png in Resources */ = {isa = PBXBuildFile; fileRef = 25C332B61863AB6500DA8271 /* orange.png */; };
		25C669D91975D623003C240B /* AFNetworkActivityIndicatorManager.m in Sources */ = {isa = PBXBuildFile; fileRef = 25C669C91975D623003C240B /* AFNetworkActivityIndicatorManager.m */; };
		25C669DA1975D623003C240B /* UIActivityIndicatorView+AFNetworking.m in Sources */ = {isa = PBXBuildFile; fileRef = 25C669CB1975D623003C240B /* UIActivityIndicatorView+AFNetworking.m */; };
		25C669DB1975D623003C240B /* UIAlertView+AFNetworking.m in Sources */ = {isa = PBXBuildFile; fileRef = 25C669CD1975D623003C240B /* UIAlertView+AFNetworking.m */; };
		25C669DC1975D623003C240B /* UIButton+AFNetworking.m in Sources */ = {isa = PBXBuildFile; fileRef = 25C669CF1975D623003C240B /* UIButton+AFNetworking.m */; };
		25C669DD1975D623003C240B /* UIImageView+AFNetworking.m in Sources */ = {isa = PBXBuildFile; fileRef = 25C669D11975D623003C240B /* UIImageView+AFNetworking.m */; };
		25C669DE1975D623003C240B /* UIProgressView+AFNetworking.m in Sources */ = {isa = PBXBuildFile; fileRef = 25C669D41975D623003C240B /* UIProgressView+AFNetworking.m */; };
		25C669DF1975D623003C240B /* UIRefreshControl+AFNetworking.m in Sources */ = {isa = PBXBuildFile; fileRef = 25C669D61975D623003C240B /* UIRefreshControl+AFNetworking.m */; };
		25C669E01975D623003C240B /* UIWebView+AFNetworking.m in Sources */ = {isa = PBXBuildFile; fileRef = 25C669D81975D623003C240B /* UIWebView+AFNetworking.m */; };
		25C669F51975D91B003C240B /* AFHTTPRequestOperation.m in Sources */ = {isa = PBXBuildFile; fileRef = 25C669E31975D91B003C240B /* AFHTTPRequestOperation.m */; };
		25C669F61975D91B003C240B /* AFHTTPRequestOperationManager.m in Sources */ = {isa = PBXBuildFile; fileRef = 25C669E51975D91B003C240B /* AFHTTPRequestOperationManager.m */; };
		25C669F71975D91B003C240B /* AFHTTPSessionManager.m in Sources */ = {isa = PBXBuildFile; fileRef = 25C669E71975D91B003C240B /* AFHTTPSessionManager.m */; };
		25C669F81975D91B003C240B /* AFNetworkReachabilityManager.m in Sources */ = {isa = PBXBuildFile; fileRef = 25C669EA1975D91B003C240B /* AFNetworkReachabilityManager.m */; };
		25C669F91975D91B003C240B /* AFSecurityPolicy.m in Sources */ = {isa = PBXBuildFile; fileRef = 25C669EC1975D91B003C240B /* AFSecurityPolicy.m */; };
		25C669FA1975D91B003C240B /* AFURLConnectionOperation.m in Sources */ = {isa = PBXBuildFile; fileRef = 25C669EE1975D91B003C240B /* AFURLConnectionOperation.m */; };
		25C669FB1975D91B003C240B /* AFURLRequestSerialization.m in Sources */ = {isa = PBXBuildFile; fileRef = 25C669F01975D91B003C240B /* AFURLRequestSerialization.m */; };
		25C669FC1975D91B003C240B /* AFURLResponseSerialization.m in Sources */ = {isa = PBXBuildFile; fileRef = 25C669F21975D91B003C240B /* AFURLResponseSerialization.m */; };
		25C669FD1975D91B003C240B /* AFURLSessionManager.m in Sources */ = {isa = PBXBuildFile; fileRef = 25C669F41975D91B003C240B /* AFURLSessionManager.m */; };
		25C66A011975E679003C240B /* NSValue+MKCoordinateRegion.m in Sources */ = {isa = PBXBuildFile; fileRef = 25C66A001975E679003C240B /* NSValue+MKCoordinateRegion.m */; };
		25C66A041975EBAD003C240B /* NSData+NSValue.m in Sources */ = {isa = PBXBuildFile; fileRef = 25C66A031975EBAD003C240B /* NSData+NSValue.m */; };
		25C66A061975F965003C240B /* equalities.m in Sources */ = {isa = PBXBuildFile; fileRef = 25C66A051975F965003C240B /* equalities.m */; };
/* End PBXBuildFile section */

/* Begin PBXContainerItemProxy section */
		25C3325E186248B000DA8271 /* PBXContainerItemProxy */ = {
			isa = PBXContainerItemProxy;
			containerPortal = 25C3322D186248B000DA8271 /* Project object */;
			proxyType = 1;
			remoteGlobalIDString = 25C33234186248B000DA8271;
			remoteInfo = Belloh;
		};
/* End PBXContainerItemProxy section */

/* Begin PBXFileReference section */
		25058263186BA89F00C28EC4 /* CreateViewController.h */ = {isa = PBXFileReference; fileEncoding = 4; lastKnownFileType = sourcecode.c.h; path = CreateViewController.h; sourceTree = "<group>"; };
		25058264186BA89F00C28EC4 /* CreateViewController.m */ = {isa = PBXFileReference; fileEncoding = 4; lastKnownFileType = sourcecode.c.objc; path = CreateViewController.m; sourceTree = "<group>"; };
		25058266186CBC0100C28EC4 /* NavigationSearchBar.h */ = {isa = PBXFileReference; fileEncoding = 4; lastKnownFileType = sourcecode.c.h; path = NavigationSearchBar.h; sourceTree = "<group>"; };
		25058267186CBC0100C28EC4 /* NavigationSearchBar.m */ = {isa = PBXFileReference; fileEncoding = 4; lastKnownFileType = sourcecode.c.objc; path = NavigationSearchBar.m; sourceTree = "<group>"; };
		250CD31F1868F01E00C66E99 /* MapViewController.h */ = {isa = PBXFileReference; fileEncoding = 4; lastKnownFileType = sourcecode.c.h; path = MapViewController.h; sourceTree = "<group>"; };
		250CD3201868F01E00C66E99 /* MapViewController.m */ = {isa = PBXFileReference; fileEncoding = 4; lastKnownFileType = sourcecode.c.objc; path = MapViewController.m; sourceTree = "<group>"; };
		250CD3211868F01E00C66E99 /* NewsViewController.h */ = {isa = PBXFileReference; fileEncoding = 4; lastKnownFileType = sourcecode.c.h; path = NewsViewController.h; sourceTree = "<group>"; };
		250CD3221868F01E00C66E99 /* NewsViewController.m */ = {isa = PBXFileReference; fileEncoding = 4; lastKnownFileType = sourcecode.c.objc; path = NewsViewController.m; sourceTree = "<group>"; };
		250CD3251868F22B00C66E99 /* NewsTableViewCell.h */ = {isa = PBXFileReference; fileEncoding = 4; lastKnownFileType = sourcecode.c.h; path = NewsTableViewCell.h; sourceTree = "<group>"; };
		250CD3261868F22B00C66E99 /* NewsTableViewCell.m */ = {isa = PBXFileReference; fileEncoding = 4; lastKnownFileType = sourcecode.c.objc; path = NewsTableViewCell.m; sourceTree = "<group>"; };
		2526228318941ED00097828E /* ios_draft_belloh_small.pxm */ = {isa = PBXFileReference; lastKnownFileType = file; path = ios_draft_belloh_small.pxm; sourceTree = SOURCE_ROOT; };
		253D650A189361F300DC60B5 /* Belloh.h */ = {isa = PBXFileReference; fileEncoding = 4; lastKnownFileType = sourcecode.c.h; path = Belloh.h; sourceTree = "<group>"; };
		253D650B189361F300DC60B5 /* Belloh.m */ = {isa = PBXFileReference; fileEncoding = 4; lastKnownFileType = sourcecode.c.objc; path = Belloh.m; sourceTree = "<group>"; };
		253D650C189361F300DC60B5 /* BLPost.h */ = {isa = PBXFileReference; fileEncoding = 4; lastKnownFileType = sourcecode.c.h; path = BLPost.h; sourceTree = "<group>"; };
		253D650D189361F300DC60B5 /* BLPost.m */ = {isa = PBXFileReference; fileEncoding = 4; lastKnownFileType = sourcecode.c.objc; path = BLPost.m; sourceTree = "<group>"; };
		253D65121893A3DA00DC60B5 /* ios_draft_belloh_small.png */ = {isa = PBXFileReference; lastKnownFileType = image.png; path = ios_draft_belloh_small.png; sourceTree = SOURCE_ROOT; };
		2579F309197476ED00AF1BF9 /* WebViewController.h */ = {isa = PBXFileReference; fileEncoding = 4; lastKnownFileType = sourcecode.c.h; path = WebViewController.h; sourceTree = "<group>"; };
		2579F30A197476ED00AF1BF9 /* WebViewController.m */ = {isa = PBXFileReference; fileEncoding = 4; lastKnownFileType = sourcecode.c.objc; path = WebViewController.m; sourceTree = "<group>"; };
		2579F30C19749B8A00AF1BF9 /* PlaceholderTextView.h */ = {isa = PBXFileReference; fileEncoding = 4; lastKnownFileType = sourcecode.c.h; path = PlaceholderTextView.h; sourceTree = "<group>"; };
		2579F30D19749B8A00AF1BF9 /* PlaceholderTextView.m */ = {isa = PBXFileReference; fileEncoding = 4; lastKnownFileType = sourcecode.c.objc; path = PlaceholderTextView.m; sourceTree = "<group>"; };
		25C33235186248B000DA8271 /* Belloh.app */ = {isa = PBXFileReference; explicitFileType = wrapper.application; includeInIndex = 0; path = Belloh.app; sourceTree = BUILT_PRODUCTS_DIR; };
		25C33238186248B000DA8271 /* Foundation.framework */ = {isa = PBXFileReference; lastKnownFileType = wrapper.framework; name = Foundation.framework; path = System/Library/Frameworks/Foundation.framework; sourceTree = SDKROOT; };
		25C3323A186248B000DA8271 /* CoreGraphics.framework */ = {isa = PBXFileReference; lastKnownFileType = wrapper.framework; name = CoreGraphics.framework; path = System/Library/Frameworks/CoreGraphics.framework; sourceTree = SDKROOT; };
		25C3323C186248B000DA8271 /* UIKit.framework */ = {isa = PBXFileReference; lastKnownFileType = wrapper.framework; name = UIKit.framework; path = System/Library/Frameworks/UIKit.framework; sourceTree = SDKROOT; };
		25C33240186248B000DA8271 /* Belloh-Info.plist */ = {isa = PBXFileReference; lastKnownFileType = text.plist.xml; path = "Belloh-Info.plist"; sourceTree = "<group>"; };
		25C33242186248B000DA8271 /* en */ = {isa = PBXFileReference; lastKnownFileType = text.plist.strings; name = en; path = en.lproj/InfoPlist.strings; sourceTree = "<group>"; };
		25C33244186248B000DA8271 /* main.m */ = {isa = PBXFileReference; lastKnownFileType = sourcecode.c.objc; path = main.m; sourceTree = "<group>"; };
		25C33246186248B000DA8271 /* Belloh-Prefix.pch */ = {isa = PBXFileReference; lastKnownFileType = sourcecode.c.h; path = "Belloh-Prefix.pch"; sourceTree = "<group>"; };
		25C33247186248B000DA8271 /* AppDelegate.h */ = {isa = PBXFileReference; lastKnownFileType = sourcecode.c.h; path = AppDelegate.h; sourceTree = "<group>"; };
		25C33248186248B000DA8271 /* AppDelegate.m */ = {isa = PBXFileReference; lastKnownFileType = sourcecode.c.objc; path = AppDelegate.m; sourceTree = "<group>"; };
		25C3324B186248B000DA8271 /* Base */ = {isa = PBXFileReference; lastKnownFileType = file.storyboard; name = Base; path = Base.lproj/Main.storyboard; sourceTree = "<group>"; };
		25C33253186248B000DA8271 /* Images.xcassets */ = {isa = PBXFileReference; lastKnownFileType = folder.assetcatalog; path = Images.xcassets; sourceTree = "<group>"; };
		25C33259186248B000DA8271 /* BellohTests.xctest */ = {isa = PBXFileReference; explicitFileType = wrapper.cfbundle; includeInIndex = 0; path = BellohTests.xctest; sourceTree = BUILT_PRODUCTS_DIR; };
		25C3325A186248B000DA8271 /* XCTest.framework */ = {isa = PBXFileReference; lastKnownFileType = wrapper.framework; name = XCTest.framework; path = Library/Frameworks/XCTest.framework; sourceTree = DEVELOPER_DIR; };
		25C33262186248B000DA8271 /* BellohTests-Info.plist */ = {isa = PBXFileReference; lastKnownFileType = text.plist.xml; path = "BellohTests-Info.plist"; sourceTree = "<group>"; };
		25C33264186248B000DA8271 /* en */ = {isa = PBXFileReference; lastKnownFileType = text.plist.strings; name = en; path = en.lproj/InfoPlist.strings; sourceTree = "<group>"; };
		25C33266186248B000DA8271 /* BellohTests.m */ = {isa = PBXFileReference; lastKnownFileType = sourcecode.c.objc; path = BellohTests.m; sourceTree = "<group>"; };
		25C332B4186394FE00DA8271 /* MapKit.framework */ = {isa = PBXFileReference; lastKnownFileType = wrapper.framework; name = MapKit.framework; path = System/Library/Frameworks/MapKit.framework; sourceTree = SDKROOT; };
		25C332B61863AB6500DA8271 /* orange.png */ = {isa = PBXFileReference; lastKnownFileType = image.png; name = orange.png; path = "../../belloh-node/public/images/orange.png"; sourceTree = "<group>"; };
		25C669C81975D623003C240B /* AFNetworkActivityIndicatorManager.h */ = {isa = PBXFileReference; fileEncoding = 4; lastKnownFileType = sourcecode.c.h; path = AFNetworkActivityIndicatorManager.h; sourceTree = "<group>"; };
		25C669C91975D623003C240B /* AFNetworkActivityIndicatorManager.m */ = {isa = PBXFileReference; fileEncoding = 4; lastKnownFileType = sourcecode.c.objc; path = AFNetworkActivityIndicatorManager.m; sourceTree = "<group>"; };
		25C669CA1975D623003C240B /* UIActivityIndicatorView+AFNetworking.h */ = {isa = PBXFileReference; fileEncoding = 4; lastKnownFileType = sourcecode.c.h; path = "UIActivityIndicatorView+AFNetworking.h"; sourceTree = "<group>"; };
		25C669CB1975D623003C240B /* UIActivityIndicatorView+AFNetworking.m */ = {isa = PBXFileReference; fileEncoding = 4; lastKnownFileType = sourcecode.c.objc; path = "UIActivityIndicatorView+AFNetworking.m"; sourceTree = "<group>"; };
		25C669CC1975D623003C240B /* UIAlertView+AFNetworking.h */ = {isa = PBXFileReference; fileEncoding = 4; lastKnownFileType = sourcecode.c.h; path = "UIAlertView+AFNetworking.h"; sourceTree = "<group>"; };
		25C669CD1975D623003C240B /* UIAlertView+AFNetworking.m */ = {isa = PBXFileReference; fileEncoding = 4; lastKnownFileType = sourcecode.c.objc; path = "UIAlertView+AFNetworking.m"; sourceTree = "<group>"; };
		25C669CE1975D623003C240B /* UIButton+AFNetworking.h */ = {isa = PBXFileReference; fileEncoding = 4; lastKnownFileType = sourcecode.c.h; path = "UIButton+AFNetworking.h"; sourceTree = "<group>"; };
		25C669CF1975D623003C240B /* UIButton+AFNetworking.m */ = {isa = PBXFileReference; fileEncoding = 4; lastKnownFileType = sourcecode.c.objc; path = "UIButton+AFNetworking.m"; sourceTree = "<group>"; };
		25C669D01975D623003C240B /* UIImageView+AFNetworking.h */ = {isa = PBXFileReference; fileEncoding = 4; lastKnownFileType = sourcecode.c.h; path = "UIImageView+AFNetworking.h"; sourceTree = "<group>"; };
		25C669D11975D623003C240B /* UIImageView+AFNetworking.m */ = {isa = PBXFileReference; fileEncoding = 4; lastKnownFileType = sourcecode.c.objc; path = "UIImageView+AFNetworking.m"; sourceTree = "<group>"; };
		25C669D21975D623003C240B /* UIKit+AFNetworking.h */ = {isa = PBXFileReference; fileEncoding = 4; lastKnownFileType = sourcecode.c.h; path = "UIKit+AFNetworking.h"; sourceTree = "<group>"; };
		25C669D31975D623003C240B /* UIProgressView+AFNetworking.h */ = {isa = PBXFileReference; fileEncoding = 4; lastKnownFileType = sourcecode.c.h; path = "UIProgressView+AFNetworking.h"; sourceTree = "<group>"; };
		25C669D41975D623003C240B /* UIProgressView+AFNetworking.m */ = {isa = PBXFileReference; fileEncoding = 4; lastKnownFileType = sourcecode.c.objc; path = "UIProgressView+AFNetworking.m"; sourceTree = "<group>"; };
		25C669D51975D623003C240B /* UIRefreshControl+AFNetworking.h */ = {isa = PBXFileReference; fileEncoding = 4; lastKnownFileType = sourcecode.c.h; path = "UIRefreshControl+AFNetworking.h"; sourceTree = "<group>"; };
		25C669D61975D623003C240B /* UIRefreshControl+AFNetworking.m */ = {isa = PBXFileReference; fileEncoding = 4; lastKnownFileType = sourcecode.c.objc; path = "UIRefreshControl+AFNetworking.m"; sourceTree = "<group>"; };
		25C669D71975D623003C240B /* UIWebView+AFNetworking.h */ = {isa = PBXFileReference; fileEncoding = 4; lastKnownFileType = sourcecode.c.h; path = "UIWebView+AFNetworking.h"; sourceTree = "<group>"; };
		25C669D81975D623003C240B /* UIWebView+AFNetworking.m */ = {isa = PBXFileReference; fileEncoding = 4; lastKnownFileType = sourcecode.c.objc; path = "UIWebView+AFNetworking.m"; sourceTree = "<group>"; };
		25C669E21975D91B003C240B /* AFHTTPRequestOperation.h */ = {isa = PBXFileReference; fileEncoding = 4; lastKnownFileType = sourcecode.c.h; path = AFHTTPRequestOperation.h; sourceTree = "<group>"; };
		25C669E31975D91B003C240B /* AFHTTPRequestOperation.m */ = {isa = PBXFileReference; fileEncoding = 4; lastKnownFileType = sourcecode.c.objc; path = AFHTTPRequestOperation.m; sourceTree = "<group>"; };
		25C669E41975D91B003C240B /* AFHTTPRequestOperationManager.h */ = {isa = PBXFileReference; fileEncoding = 4; lastKnownFileType = sourcecode.c.h; path = AFHTTPRequestOperationManager.h; sourceTree = "<group>"; };
		25C669E51975D91B003C240B /* AFHTTPRequestOperationManager.m */ = {isa = PBXFileReference; fileEncoding = 4; lastKnownFileType = sourcecode.c.objc; path = AFHTTPRequestOperationManager.m; sourceTree = "<group>"; };
		25C669E61975D91B003C240B /* AFHTTPSessionManager.h */ = {isa = PBXFileReference; fileEncoding = 4; lastKnownFileType = sourcecode.c.h; path = AFHTTPSessionManager.h; sourceTree = "<group>"; };
		25C669E71975D91B003C240B /* AFHTTPSessionManager.m */ = {isa = PBXFileReference; fileEncoding = 4; lastKnownFileType = sourcecode.c.objc; path = AFHTTPSessionManager.m; sourceTree = "<group>"; };
		25C669E81975D91B003C240B /* AFNetworking.h */ = {isa = PBXFileReference; fileEncoding = 4; lastKnownFileType = sourcecode.c.h; path = AFNetworking.h; sourceTree = "<group>"; };
		25C669E91975D91B003C240B /* AFNetworkReachabilityManager.h */ = {isa = PBXFileReference; fileEncoding = 4; lastKnownFileType = sourcecode.c.h; path = AFNetworkReachabilityManager.h; sourceTree = "<group>"; };
		25C669EA1975D91B003C240B /* AFNetworkReachabilityManager.m */ = {isa = PBXFileReference; fileEncoding = 4; lastKnownFileType = sourcecode.c.objc; path = AFNetworkReachabilityManager.m; sourceTree = "<group>"; };
		25C669EB1975D91B003C240B /* AFSecurityPolicy.h */ = {isa = PBXFileReference; fileEncoding = 4; lastKnownFileType = sourcecode.c.h; path = AFSecurityPolicy.h; sourceTree = "<group>"; };
		25C669EC1975D91B003C240B /* AFSecurityPolicy.m */ = {isa = PBXFileReference; fileEncoding = 4; lastKnownFileType = sourcecode.c.objc; path = AFSecurityPolicy.m; sourceTree = "<group>"; };
		25C669ED1975D91B003C240B /* AFURLConnectionOperation.h */ = {isa = PBXFileReference; fileEncoding = 4; lastKnownFileType = sourcecode.c.h; path = AFURLConnectionOperation.h; sourceTree = "<group>"; };
		25C669EE1975D91B003C240B /* AFURLConnectionOperation.m */ = {isa = PBXFileReference; fileEncoding = 4; lastKnownFileType = sourcecode.c.objc; path = AFURLConnectionOperation.m; sourceTree = "<group>"; };
		25C669EF1975D91B003C240B /* AFURLRequestSerialization.h */ = {isa = PBXFileReference; fileEncoding = 4; lastKnownFileType = sourcecode.c.h; path = AFURLRequestSerialization.h; sourceTree = "<group>"; };
		25C669F01975D91B003C240B /* AFURLRequestSerialization.m */ = {isa = PBXFileReference; fileEncoding = 4; lastKnownFileType = sourcecode.c.objc; path = AFURLRequestSerialization.m; sourceTree = "<group>"; };
		25C669F11975D91B003C240B /* AFURLResponseSerialization.h */ = {isa = PBXFileReference; fileEncoding = 4; lastKnownFileType = sourcecode.c.h; path = AFURLResponseSerialization.h; sourceTree = "<group>"; };
		25C669F21975D91B003C240B /* AFURLResponseSerialization.m */ = {isa = PBXFileReference; fileEncoding = 4; lastKnownFileType = sourcecode.c.objc; path = AFURLResponseSerialization.m; sourceTree = "<group>"; };
		25C669F31975D91B003C240B /* AFURLSessionManager.h */ = {isa = PBXFileReference; fileEncoding = 4; lastKnownFileType = sourcecode.c.h; path = AFURLSessionManager.h; sourceTree = "<group>"; };
		25C669F41975D91B003C240B /* AFURLSessionManager.m */ = {isa = PBXFileReference; fileEncoding = 4; lastKnownFileType = sourcecode.c.objc; path = AFURLSessionManager.m; sourceTree = "<group>"; };
		25C669FF1975E679003C240B /* NSValue+MKCoordinateRegion.h */ = {isa = PBXFileReference; fileEncoding = 4; lastKnownFileType = sourcecode.c.h; name = "NSValue+MKCoordinateRegion.h"; path = "Belloh/NSValue+MKCoordinateRegion.h"; sourceTree = "<group>"; };
		25C66A001975E679003C240B /* NSValue+MKCoordinateRegion.m */ = {isa = PBXFileReference; fileEncoding = 4; lastKnownFileType = sourcecode.c.objc; name = "NSValue+MKCoordinateRegion.m"; path = "Belloh/NSValue+MKCoordinateRegion.m"; sourceTree = "<group>"; };
		25C66A021975EBAD003C240B /* NSData+NSValue.h */ = {isa = PBXFileReference; fileEncoding = 4; lastKnownFileType = sourcecode.c.h; name = "NSData+NSValue.h"; path = "Belloh/NSData+NSValue.h"; sourceTree = "<group>"; };
		25C66A031975EBAD003C240B /* NSData+NSValue.m */ = {isa = PBXFileReference; fileEncoding = 4; lastKnownFileType = sourcecode.c.objc; name = "NSData+NSValue.m"; path = "Belloh/NSData+NSValue.m"; sourceTree = "<group>"; };
		25C66A051975F965003C240B /* equalities.m */ = {isa = PBXFileReference; fileEncoding = 4; lastKnownFileType = sourcecode.c.objc; path = equalities.m; sourceTree = "<group>"; };
		25C66A071975F976003C240B /* equalities.h */ = {isa = PBXFileReference; lastKnownFileType = sourcecode.c.h; path = equalities.h; sourceTree = "<group>"; };
/* End PBXFileReference section */

/* Begin PBXFrameworksBuildPhase section */
		25C33232186248B000DA8271 /* Frameworks */ = {
			isa = PBXFrameworksBuildPhase;
			buildActionMask = 2147483647;
			files = (
				25058373187087ED00C28EC4 /* MapKit.framework in Frameworks */,
				25C3323B186248B000DA8271 /* CoreGraphics.framework in Frameworks */,
				25C3323D186248B000DA8271 /* UIKit.framework in Frameworks */,
				25C33239186248B000DA8271 /* Foundation.framework in Frameworks */,
			);
			runOnlyForDeploymentPostprocessing = 0;
		};
		25C33256186248B000DA8271 /* Frameworks */ = {
			isa = PBXFrameworksBuildPhase;
			buildActionMask = 2147483647;
			files = (
				25C3325B186248B000DA8271 /* XCTest.framework in Frameworks */,
				25C3325D186248B000DA8271 /* UIKit.framework in Frameworks */,
				25C3325C186248B000DA8271 /* Foundation.framework in Frameworks */,
			);
			runOnlyForDeploymentPostprocessing = 0;
		};
/* End PBXFrameworksBuildPhase section */

/* Begin PBXGroup section */
		25C3322C186248B000DA8271 = {
			isa = PBXGroup;
			children = (
				25C669FE1975E653003C240B /* Categories */,
				25C669E11975D91B003C240B /* AFNetworking */,
				25C669C71975D623003C240B /* UIKit+AFNetworking */,
				25C3323E186248B000DA8271 /* Belloh */,
				25C33260186248B000DA8271 /* BellohTests */,
				25C33237186248B000DA8271 /* Frameworks */,
				25C33236186248B000DA8271 /* Products */,
			);
			sourceTree = "<group>";
		};
		25C33236186248B000DA8271 /* Products */ = {
			isa = PBXGroup;
			children = (
				25C33235186248B000DA8271 /* Belloh.app */,
				25C33259186248B000DA8271 /* BellohTests.xctest */,
			);
			name = Products;
			sourceTree = "<group>";
		};
		25C33237186248B000DA8271 /* Frameworks */ = {
			isa = PBXGroup;
			children = (
				25C332B4186394FE00DA8271 /* MapKit.framework */,
				25C33238186248B000DA8271 /* Foundation.framework */,
				25C3323A186248B000DA8271 /* CoreGraphics.framework */,
				25C3323C186248B000DA8271 /* UIKit.framework */,
				25C3325A186248B000DA8271 /* XCTest.framework */,
			);
			name = Frameworks;
			sourceTree = "<group>";
		};
		25C3323E186248B000DA8271 /* Belloh */ = {
			isa = PBXGroup;
			children = (
				250CD3251868F22B00C66E99 /* NewsTableViewCell.h */,
				250CD3261868F22B00C66E99 /* NewsTableViewCell.m */,
				250CD31F1868F01E00C66E99 /* MapViewController.h */,
				250CD3201868F01E00C66E99 /* MapViewController.m */,
				250CD3211868F01E00C66E99 /* NewsViewController.h */,
				250CD3221868F01E00C66E99 /* NewsViewController.m */,
				25058263186BA89F00C28EC4 /* CreateViewController.h */,
				25058264186BA89F00C28EC4 /* CreateViewController.m */,
				25058266186CBC0100C28EC4 /* NavigationSearchBar.h */,
				25058267186CBC0100C28EC4 /* NavigationSearchBar.m */,
				2579F309197476ED00AF1BF9 /* WebViewController.h */,
				2579F30A197476ED00AF1BF9 /* WebViewController.m */,
				2579F30C19749B8A00AF1BF9 /* PlaceholderTextView.h */,
				2579F30D19749B8A00AF1BF9 /* PlaceholderTextView.m */,
				25C3324A186248B000DA8271 /* Main.storyboard */,
				25C33253186248B000DA8271 /* Images.xcassets */,
				25C3323F186248B000DA8271 /* Supporting Files */,
			);
			path = Belloh;
			sourceTree = "<group>";
		};
		25C3323F186248B000DA8271 /* Supporting Files */ = {
			isa = PBXGroup;
			children = (
				2526228318941ED00097828E /* ios_draft_belloh_small.pxm */,
				253D65121893A3DA00DC60B5 /* ios_draft_belloh_small.png */,
				253D650A189361F300DC60B5 /* Belloh.h */,
				253D650B189361F300DC60B5 /* Belloh.m */,
				253D650C189361F300DC60B5 /* BLPost.h */,
				253D650D189361F300DC60B5 /* BLPost.m */,
				25C332B61863AB6500DA8271 /* orange.png */,
				25C33247186248B000DA8271 /* AppDelegate.h */,
				25C33248186248B000DA8271 /* AppDelegate.m */,
				25C33240186248B000DA8271 /* Belloh-Info.plist */,
				25C33241186248B000DA8271 /* InfoPlist.strings */,
				25C33244186248B000DA8271 /* main.m */,
				25C33246186248B000DA8271 /* Belloh-Prefix.pch */,
				25C66A071975F976003C240B /* equalities.h */,
				25C66A051975F965003C240B /* equalities.m */,
			);
			name = "Supporting Files";
			sourceTree = "<group>";
		};
		25C33260186248B000DA8271 /* BellohTests */ = {
			isa = PBXGroup;
			children = (
				25C33266186248B000DA8271 /* BellohTests.m */,
				25C33261186248B000DA8271 /* Supporting Files */,
			);
			path = BellohTests;
			sourceTree = "<group>";
		};
		25C33261186248B000DA8271 /* Supporting Files */ = {
			isa = PBXGroup;
			children = (
				25C33262186248B000DA8271 /* BellohTests-Info.plist */,
				25C33263186248B000DA8271 /* InfoPlist.strings */,
			);
			name = "Supporting Files";
			sourceTree = "<group>";
		};
		25C669C71975D623003C240B /* UIKit+AFNetworking */ = {
			isa = PBXGroup;
			children = (
				25C669C81975D623003C240B /* AFNetworkActivityIndicatorManager.h */,
				25C669C91975D623003C240B /* AFNetworkActivityIndicatorManager.m */,
				25C669CA1975D623003C240B /* UIActivityIndicatorView+AFNetworking.h */,
				25C669CB1975D623003C240B /* UIActivityIndicatorView+AFNetworking.m */,
				25C669CC1975D623003C240B /* UIAlertView+AFNetworking.h */,
				25C669CD1975D623003C240B /* UIAlertView+AFNetworking.m */,
				25C669CE1975D623003C240B /* UIButton+AFNetworking.h */,
				25C669CF1975D623003C240B /* UIButton+AFNetworking.m */,
				25C669D01975D623003C240B /* UIImageView+AFNetworking.h */,
				25C669D11975D623003C240B /* UIImageView+AFNetworking.m */,
				25C669D21975D623003C240B /* UIKit+AFNetworking.h */,
				25C669D31975D623003C240B /* UIProgressView+AFNetworking.h */,
				25C669D41975D623003C240B /* UIProgressView+AFNetworking.m */,
				25C669D51975D623003C240B /* UIRefreshControl+AFNetworking.h */,
				25C669D61975D623003C240B /* UIRefreshControl+AFNetworking.m */,
				25C669D71975D623003C240B /* UIWebView+AFNetworking.h */,
				25C669D81975D623003C240B /* UIWebView+AFNetworking.m */,
			);
			path = "UIKit+AFNetworking";
			sourceTree = "<group>";
		};
		25C669E11975D91B003C240B /* AFNetworking */ = {
			isa = PBXGroup;
			children = (
				25C669E21975D91B003C240B /* AFHTTPRequestOperation.h */,
				25C669E31975D91B003C240B /* AFHTTPRequestOperation.m */,
				25C669E41975D91B003C240B /* AFHTTPRequestOperationManager.h */,
				25C669E51975D91B003C240B /* AFHTTPRequestOperationManager.m */,
				25C669E61975D91B003C240B /* AFHTTPSessionManager.h */,
				25C669E71975D91B003C240B /* AFHTTPSessionManager.m */,
				25C669E81975D91B003C240B /* AFNetworking.h */,
				25C669E91975D91B003C240B /* AFNetworkReachabilityManager.h */,
				25C669EA1975D91B003C240B /* AFNetworkReachabilityManager.m */,
				25C669EB1975D91B003C240B /* AFSecurityPolicy.h */,
				25C669EC1975D91B003C240B /* AFSecurityPolicy.m */,
				25C669ED1975D91B003C240B /* AFURLConnectionOperation.h */,
				25C669EE1975D91B003C240B /* AFURLConnectionOperation.m */,
				25C669EF1975D91B003C240B /* AFURLRequestSerialization.h */,
				25C669F01975D91B003C240B /* AFURLRequestSerialization.m */,
				25C669F11975D91B003C240B /* AFURLResponseSerialization.h */,
				25C669F21975D91B003C240B /* AFURLResponseSerialization.m */,
				25C669F31975D91B003C240B /* AFURLSessionManager.h */,
				25C669F41975D91B003C240B /* AFURLSessionManager.m */,
			);
			path = AFNetworking;
			sourceTree = "<group>";
		};
		25C669FE1975E653003C240B /* Categories */ = {
			isa = PBXGroup;
			children = (
				25C669FF1975E679003C240B /* NSValue+MKCoordinateRegion.h */,
				25C66A001975E679003C240B /* NSValue+MKCoordinateRegion.m */,
				25C66A021975EBAD003C240B /* NSData+NSValue.h */,
				25C66A031975EBAD003C240B /* NSData+NSValue.m */,
			);
			name = Categories;
			sourceTree = "<group>";
		};
/* End PBXGroup section */

/* Begin PBXNativeTarget section */
		25C33234186248B000DA8271 /* Belloh */ = {
			isa = PBXNativeTarget;
			buildConfigurationList = 25C3326A186248B000DA8271 /* Build configuration list for PBXNativeTarget "Belloh" */;
			buildPhases = (
				25C33231186248B000DA8271 /* Sources */,
				25C33232186248B000DA8271 /* Frameworks */,
				25C33233186248B000DA8271 /* Resources */,
			);
			buildRules = (
			);
			dependencies = (
			);
			name = Belloh;
			productName = Belloh;
			productReference = 25C33235186248B000DA8271 /* Belloh.app */;
			productType = "com.apple.product-type.application";
		};
		25C33258186248B000DA8271 /* BellohTests */ = {
			isa = PBXNativeTarget;
			buildConfigurationList = 25C3326D186248B000DA8271 /* Build configuration list for PBXNativeTarget "BellohTests" */;
			buildPhases = (
				25C33255186248B000DA8271 /* Sources */,
				25C33256186248B000DA8271 /* Frameworks */,
				25C33257186248B000DA8271 /* Resources */,
			);
			buildRules = (
			);
			dependencies = (
				25C3325F186248B000DA8271 /* PBXTargetDependency */,
			);
			name = BellohTests;
			productName = BellohTests;
			productReference = 25C33259186248B000DA8271 /* BellohTests.xctest */;
			productType = "com.apple.product-type.bundle.unit-test";
		};
/* End PBXNativeTarget section */

/* Begin PBXProject section */
		25C3322D186248B000DA8271 /* Project object */ = {
			isa = PBXProject;
			attributes = {
				LastUpgradeCheck = 0510;
				ORGANIZATIONNAME = "Eric Webster";
				TargetAttributes = {
					25C33234186248B000DA8271 = {
						DevelopmentTeam = E78P2G8487;
					};
					25C33258186248B000DA8271 = {
						TestTargetID = 25C33234186248B000DA8271;
					};
				};
			};
			buildConfigurationList = 25C33230186248B000DA8271 /* Build configuration list for PBXProject "Belloh" */;
			compatibilityVersion = "Xcode 3.2";
			developmentRegion = English;
			hasScannedForEncodings = 0;
			knownRegions = (
				en,
				Base,
			);
			mainGroup = 25C3322C186248B000DA8271;
			productRefGroup = 25C33236186248B000DA8271 /* Products */;
			projectDirPath = "";
			projectRoot = "";
			targets = (
				25C33234186248B000DA8271 /* Belloh */,
				25C33258186248B000DA8271 /* BellohTests */,
			);
		};
/* End PBXProject section */

/* Begin PBXResourcesBuildPhase section */
		25C33233186248B000DA8271 /* Resources */ = {
			isa = PBXResourcesBuildPhase;
			buildActionMask = 2147483647;
			files = (
				25C33254186248B000DA8271 /* Images.xcassets in Resources */,
				25C332B71863AB6500DA8271 /* orange.png in Resources */,
				25C33243186248B000DA8271 /* InfoPlist.strings in Resources */,
				25C3324C186248B000DA8271 /* Main.storyboard in Resources */,
				253D65131893A3DA00DC60B5 /* ios_draft_belloh_small.png in Resources */,
				2526228418941ED00097828E /* ios_draft_belloh_small.pxm in Resources */,
			);
			runOnlyForDeploymentPostprocessing = 0;
		};
		25C33257186248B000DA8271 /* Resources */ = {
			isa = PBXResourcesBuildPhase;
			buildActionMask = 2147483647;
			files = (
				25C33265186248B000DA8271 /* InfoPlist.strings in Resources */,
			);
			runOnlyForDeploymentPostprocessing = 0;
		};
/* End PBXResourcesBuildPhase section */

/* Begin PBXSourcesBuildPhase section */
		25C33231186248B000DA8271 /* Sources */ = {
			isa = PBXSourcesBuildPhase;
			buildActionMask = 2147483647;
			files = (
				25C33249186248B000DA8271 /* AppDelegate.m in Sources */,
				2579F30B197476ED00AF1BF9 /* WebViewController.m in Sources */,
				25C669DB1975D623003C240B /* UIAlertView+AFNetworking.m in Sources */,
				253D650E189361F300DC60B5 /* Belloh.m in Sources */,
				25C669FA1975D91B003C240B /* AFURLConnectionOperation.m in Sources */,
				25C669F91975D91B003C240B /* AFSecurityPolicy.m in Sources */,
				25058268186CBC0100C28EC4 /* NavigationSearchBar.m in Sources */,
				25C669F71975D91B003C240B /* AFHTTPSessionManager.m in Sources */,
				25058265186BA89F00C28EC4 /* CreateViewController.m in Sources */,
				25C66A041975EBAD003C240B /* NSData+NSValue.m in Sources */,
				250CD3231868F01E00C66E99 /* MapViewController.m in Sources */,
				25C33245186248B000DA8271 /* main.m in Sources */,
				25C669DE1975D623003C240B /* UIProgressView+AFNetworking.m in Sources */,
				25C66A061975F965003C240B /* equalities.m in Sources */,
				250CD3241868F01E00C66E99 /* NewsViewController.m in Sources */,
				25C669D91975D623003C240B /* AFNetworkActivityIndicatorManager.m in Sources */,
				25C669F61975D91B003C240B /* AFHTTPRequestOperationManager.m in Sources */,
				25C66A011975E679003C240B /* NSValue+MKCoordinateRegion.m in Sources */,
				2579F30E19749B8A00AF1BF9 /* PlaceholderTextView.m in Sources */,
				25C669F51975D91B003C240B /* AFHTTPRequestOperation.m in Sources */,
				25C669FD1975D91B003C240B /* AFURLSessionManager.m in Sources */,
				25C669DD1975D623003C240B /* UIImageView+AFNetworking.m in Sources */,
				25C669F81975D91B003C240B /* AFNetworkReachabilityManager.m in Sources */,
				25C669FC1975D91B003C240B /* AFURLResponseSerialization.m in Sources */,
				25C669FB1975D91B003C240B /* AFURLRequestSerialization.m in Sources */,
				25C669DC1975D623003C240B /* UIButton+AFNetworking.m in Sources */,
				25C669DF1975D623003C240B /* UIRefreshControl+AFNetworking.m in Sources */,
				25C669E01975D623003C240B /* UIWebView+AFNetworking.m in Sources */,
				253D650F189361F300DC60B5 /* BLPost.m in Sources */,
				250CD3271868F22B00C66E99 /* NewsTableViewCell.m in Sources */,
				25C669DA1975D623003C240B /* UIActivityIndicatorView+AFNetworking.m in Sources */,
			);
			runOnlyForDeploymentPostprocessing = 0;
		};
		25C33255186248B000DA8271 /* Sources */ = {
			isa = PBXSourcesBuildPhase;
			buildActionMask = 2147483647;
			files = (
				25C33267186248B000DA8271 /* BellohTests.m in Sources */,
			);
			runOnlyForDeploymentPostprocessing = 0;
		};
/* End PBXSourcesBuildPhase section */

/* Begin PBXTargetDependency section */
		25C3325F186248B000DA8271 /* PBXTargetDependency */ = {
			isa = PBXTargetDependency;
			target = 25C33234186248B000DA8271 /* Belloh */;
			targetProxy = 25C3325E186248B000DA8271 /* PBXContainerItemProxy */;
		};
/* End PBXTargetDependency section */

/* Begin PBXVariantGroup section */
		25C33241186248B000DA8271 /* InfoPlist.strings */ = {
			isa = PBXVariantGroup;
			children = (
				25C33242186248B000DA8271 /* en */,
			);
			name = InfoPlist.strings;
			sourceTree = "<group>";
		};
		25C3324A186248B000DA8271 /* Main.storyboard */ = {
			isa = PBXVariantGroup;
			children = (
				25C3324B186248B000DA8271 /* Base */,
			);
			name = Main.storyboard;
			sourceTree = "<group>";
		};
		25C33263186248B000DA8271 /* InfoPlist.strings */ = {
			isa = PBXVariantGroup;
			children = (
				25C33264186248B000DA8271 /* en */,
			);
			name = InfoPlist.strings;
			sourceTree = "<group>";
		};
/* End PBXVariantGroup section */

/* Begin XCBuildConfiguration section */
		25C33268186248B000DA8271 /* Debug */ = {
			isa = XCBuildConfiguration;
			buildSettings = {
				ALWAYS_SEARCH_USER_PATHS = NO;
				CLANG_CXX_LANGUAGE_STANDARD = "gnu++0x";
				CLANG_CXX_LIBRARY = "libc++";
				CLANG_ENABLE_MODULES = YES;
				CLANG_ENABLE_OBJC_ARC = YES;
				CLANG_WARN_BOOL_CONVERSION = YES;
				CLANG_WARN_CONSTANT_CONVERSION = YES;
				CLANG_WARN_DIRECT_OBJC_ISA_USAGE = YES_ERROR;
				CLANG_WARN_EMPTY_BODY = YES;
				CLANG_WARN_ENUM_CONVERSION = YES;
				CLANG_WARN_INT_CONVERSION = YES;
				CLANG_WARN_OBJC_ROOT_CLASS = YES_ERROR;
				CLANG_WARN__DUPLICATE_METHOD_MATCH = YES;
				"CODE_SIGN_IDENTITY[sdk=iphoneos*]" = "iPhone Developer";
				COPY_PHASE_STRIP = NO;
				GCC_C_LANGUAGE_STANDARD = gnu99;
				GCC_DYNAMIC_NO_PIC = NO;
				GCC_OPTIMIZATION_LEVEL = 0;
				GCC_PREPROCESSOR_DEFINITIONS = (
					"DEBUG=1",
					"$(inherited)",
				);
				GCC_SYMBOLS_PRIVATE_EXTERN = NO;
				GCC_WARN_64_TO_32_BIT_CONVERSION = YES;
				GCC_WARN_ABOUT_RETURN_TYPE = YES_ERROR;
				GCC_WARN_UNDECLARED_SELECTOR = YES;
				GCC_WARN_UNINITIALIZED_AUTOS = YES;
				GCC_WARN_UNUSED_FUNCTION = YES;
				GCC_WARN_UNUSED_VARIABLE = YES;
				IPHONEOS_DEPLOYMENT_TARGET = 7.0;
				ONLY_ACTIVE_ARCH = YES;
				SDKROOT = iphoneos;
			};
			name = Debug;
		};
		25C33269186248B000DA8271 /* Release */ = {
			isa = XCBuildConfiguration;
			buildSettings = {
				ALWAYS_SEARCH_USER_PATHS = NO;
				CLANG_CXX_LANGUAGE_STANDARD = "gnu++0x";
				CLANG_CXX_LIBRARY = "libc++";
				CLANG_ENABLE_MODULES = YES;
				CLANG_ENABLE_OBJC_ARC = YES;
				CLANG_WARN_BOOL_CONVERSION = YES;
				CLANG_WARN_CONSTANT_CONVERSION = YES;
				CLANG_WARN_DIRECT_OBJC_ISA_USAGE = YES_ERROR;
				CLANG_WARN_EMPTY_BODY = YES;
				CLANG_WARN_ENUM_CONVERSION = YES;
				CLANG_WARN_INT_CONVERSION = YES;
				CLANG_WARN_OBJC_ROOT_CLASS = YES_ERROR;
				CLANG_WARN__DUPLICATE_METHOD_MATCH = YES;
				"CODE_SIGN_IDENTITY[sdk=iphoneos*]" = "iPhone Developer";
				COPY_PHASE_STRIP = YES;
				ENABLE_NS_ASSERTIONS = NO;
				GCC_C_LANGUAGE_STANDARD = gnu99;
				GCC_WARN_64_TO_32_BIT_CONVERSION = YES;
				GCC_WARN_ABOUT_RETURN_TYPE = YES_ERROR;
				GCC_WARN_UNDECLARED_SELECTOR = YES;
				GCC_WARN_UNINITIALIZED_AUTOS = YES;
				GCC_WARN_UNUSED_FUNCTION = YES;
				GCC_WARN_UNUSED_VARIABLE = YES;
				IPHONEOS_DEPLOYMENT_TARGET = 7.0;
				SDKROOT = iphoneos;
				VALIDATE_PRODUCT = YES;
			};
			name = Release;
		};
		25C3326B186248B000DA8271 /* Debug */ = {
			isa = XCBuildConfiguration;
			buildSettings = {
				ASSETCATALOG_COMPILER_APPICON_NAME = AppIcon;
				ASSETCATALOG_COMPILER_LAUNCHIMAGE_NAME = LaunchImage;
				CODE_SIGN_IDENTITY = "iPhone Developer";
				"CODE_SIGN_IDENTITY[sdk=iphoneos*]" = "iPhone Developer";
				FRAMEWORK_SEARCH_PATHS = (
					"$(inherited)",
					"/Users/quanta/Desktop/Belloh-iOS",
				);
				GCC_PRECOMPILE_PREFIX_HEADER = YES;
				GCC_PREFIX_HEADER = "Belloh/Belloh-Prefix.pch";
				INFOPLIST_FILE = "Belloh/Belloh-Info.plist";
				IPHONEOS_DEPLOYMENT_TARGET = 7.0;
				LIBRARY_SEARCH_PATHS = "$(inherited)";
				PRODUCT_NAME = "$(TARGET_NAME)";
				PROVISIONING_PROFILE = "";
				TARGETED_DEVICE_FAMILY = "1,2";
				VALID_ARCHS = "arm64 armv7 armv7s";
				WRAPPER_EXTENSION = app;
			};
			name = Debug;
		};
		25C3326C186248B000DA8271 /* Release */ = {
			isa = XCBuildConfiguration;
			buildSettings = {
				ASSETCATALOG_COMPILER_APPICON_NAME = AppIcon;
				ASSETCATALOG_COMPILER_LAUNCHIMAGE_NAME = LaunchImage;
				CODE_SIGN_IDENTITY = "iPhone Developer";
				"CODE_SIGN_IDENTITY[sdk=iphoneos*]" = "iPhone Developer";
				FRAMEWORK_SEARCH_PATHS = (
					"$(inherited)",
					"/Users/quanta/Desktop/Belloh-iOS",
				);
				GCC_PRECOMPILE_PREFIX_HEADER = YES;
				GCC_PREFIX_HEADER = "Belloh/Belloh-Prefix.pch";
				INFOPLIST_FILE = "Belloh/Belloh-Info.plist";
				IPHONEOS_DEPLOYMENT_TARGET = 7.0;
				LIBRARY_SEARCH_PATHS = "$(inherited)";
				PRODUCT_NAME = "$(TARGET_NAME)";
				PROVISIONING_PROFILE = "";
				TARGETED_DEVICE_FAMILY = "1,2";
				VALID_ARCHS = "arm64 armv7 armv7s";
				WRAPPER_EXTENSION = app;
			};
			name = Release;
		};
		25C3326E186248B000DA8271 /* Debug */ = {
			isa = XCBuildConfiguration;
			buildSettings = {
				BUNDLE_LOADER = "$(BUILT_PRODUCTS_DIR)/Belloh.app/Belloh";
				FRAMEWORK_SEARCH_PATHS = (
					"$(SDKROOT)/Developer/Library/Frameworks",
					"$(inherited)",
					"$(DEVELOPER_FRAMEWORKS_DIR)",
				);
				GCC_PRECOMPILE_PREFIX_HEADER = YES;
				GCC_PREFIX_HEADER = "Belloh/Belloh-Prefix.pch";
				GCC_PREPROCESSOR_DEFINITIONS = (
					"DEBUG=1",
					"$(inherited)",
				);
				INFOPLIST_FILE = "BellohTests/BellohTests-Info.plist";
				PRODUCT_NAME = "$(TARGET_NAME)";
				TEST_HOST = "$(BUNDLE_LOADER)";
				WRAPPER_EXTENSION = xctest;
			};
			name = Debug;
		};
		25C3326F186248B000DA8271 /* Release */ = {
			isa = XCBuildConfiguration;
			buildSettings = {
				BUNDLE_LOADER = "$(BUILT_PRODUCTS_DIR)/Belloh.app/Belloh";
				FRAMEWORK_SEARCH_PATHS = (
					"$(SDKROOT)/Developer/Library/Frameworks",
					"$(inherited)",
					"$(DEVELOPER_FRAMEWORKS_DIR)",
				);
				GCC_PRECOMPILE_PREFIX_HEADER = YES;
				GCC_PREFIX_HEADER = "Belloh/Belloh-Prefix.pch";
				INFOPLIST_FILE = "BellohTests/BellohTests-Info.plist";
				PRODUCT_NAME = "$(TARGET_NAME)";
				TEST_HOST = "$(BUNDLE_LOADER)";
				WRAPPER_EXTENSION = xctest;
			};
			name = Release;
		};
/* End XCBuildConfiguration section */

/* Begin XCConfigurationList section */
		25C33230186248B000DA8271 /* Build configuration list for PBXProject "Belloh" */ = {
			isa = XCConfigurationList;
			buildConfigurations = (
				25C33268186248B000DA8271 /* Debug */,
				25C33269186248B000DA8271 /* Release */,
			);
			defaultConfigurationIsVisible = 0;
			defaultConfigurationName = Release;
		};
		25C3326A186248B000DA8271 /* Build configuration list for PBXNativeTarget "Belloh" */ = {
			isa = XCConfigurationList;
			buildConfigurations = (
				25C3326B186248B000DA8271 /* Debug */,
				25C3326C186248B000DA8271 /* Release */,
			);
			defaultConfigurationIsVisible = 0;
			defaultConfigurationName = Release;
		};
		25C3326D186248B000DA8271 /* Build configuration list for PBXNativeTarget "BellohTests" */ = {
			isa = XCConfigurationList;
			buildConfigurations = (
				25C3326E186248B000DA8271 /* Debug */,
				25C3326F186248B000DA8271 /* Release */,
			);
			defaultConfigurationIsVisible = 0;
			defaultConfigurationName = Release;
		};
/* End XCConfigurationList section */
	};
	rootObject = 25C3322D186248B000DA8271 /* Project object */;
}
